
Microsoft Visual Studio Solution File, Format Version 12.00
# Visual Studio Version 16
VisualStudioVersion = 16.0.29709.97
MinimumVisualStudioVersion = 10.0.40219.1
Project("{FAE04EC0-301F-11D3-BF4B-00C04F79EFBC}") = "Binary Tree Implementation", "Binary Tree Implementation\Binary Tree Implementation.csproj", "{DCB84DCB-CF76-4A0A-A285-8849C0FD597F}"
EndProject
Global
	GlobalSection(SolutionConfigurationPlatforms) = preSolution
		Debug|Any CPU = Debug|Any CPU
		Release|Any CPU = Release|Any CPU
	EndGlobalSection
	GlobalSection(ProjectConfigurationPlatforms) = postSolution
		{DCB84DCB-CF76-4A0A-A285-8849C0FD597F}.Debug|Any CPU.ActiveCfg = Debug|Any CPU
		{DCB84DCB-CF76-4A0A-A285-8849C0FD597F}.Debug|Any CPU.Build.0 = Debug|Any CPU
		{DCB84DCB-CF76-4A0A-A285-8849C0FD597F}.Release|Any CPU.ActiveCfg = Release|Any CPU
		{DCB84DCB-CF76-4A0A-A285-8849C0FD597F}.Release|Any CPU.Build.0 = Release|Any CPU
	EndGlobalSection
	GlobalSection(SolutionProperties) = preSolution
		HideSolutionNode = FALSE
	EndGlobalSection
	GlobalSection(ExtensibilityGlobals) = postSolution
		SolutionGuid = {B0D3B5C5-859C-4166-A1B1-9C6293FDAA41}
	EndGlobalSection
EndGlobal
