
Microsoft Visual Studio Solution File, Format Version 12.00
# Visual Studio Version 16
VisualStudioVersion = 16.0.29709.97
MinimumVisualStudioVersion = 10.0.40219.1
Project("{FAE04EC0-301F-11D3-BF4B-00C04F79EFBC}") = "Dictionary Implementation", "Dictionary Implementation\Dictionary Implementation.csproj", "{1B2F0A50-53D2-44C4-82C4-8E4A081D7CB6}"
EndProject
Global
	GlobalSection(SolutionConfigurationPlatforms) = preSolution
		Debug|Any CPU = Debug|Any CPU
		Release|Any CPU = Release|Any CPU
	EndGlobalSection
	GlobalSection(ProjectConfigurationPlatforms) = postSolution
		{1B2F0A50-53D2-44C4-82C4-8E4A081D7CB6}.Debug|Any CPU.ActiveCfg = Debug|Any CPU
		{1B2F0A50-53D2-44C4-82C4-8E4A081D7CB6}.Debug|Any CPU.Build.0 = Debug|Any CPU
		{1B2F0A50-53D2-44C4-82C4-8E4A081D7CB6}.Release|Any CPU.ActiveCfg = Release|Any CPU
		{1B2F0A50-53D2-44C4-82C4-8E4A081D7CB6}.Release|Any CPU.Build.0 = Release|Any CPU
	EndGlobalSection
	GlobalSection(SolutionProperties) = preSolution
		HideSolutionNode = FALSE
	EndGlobalSection
	GlobalSection(ExtensibilityGlobals) = postSolution
		SolutionGuid = {30337883-FE11-4BF5-930D-A5C0F8703910}
	EndGlobalSection
EndGlobal
